{
    "name": "antlr",
    "lockfileVersion": 2,
    "requires": true,
    "packages": {
        "": {
            "dependencies": {
                "antlr4": "^4.10.1"
            }
        },
        "node_modules/antlr4": {
            "version": "4.10.1",
            "resolved": "https://registry.npmjs.org/antlr4/-/antlr4-4.10.1.tgz",
            "integrity": "sha512-fmxidcOwmktzHUD+tz8y/zKLI/NfVAB0+MOvnFUBzo8ToFnphK8JY88oOJeRdhnTrAhjtu45bvxddzbb8nMeIA==",
            "engines": {
                "node": ">=14"
            }
        }
    },
    "dependencies": {
        "antlr4": {
            "version": "4.10.1",
            "resolved": "https://registry.npmjs.org/antlr4/-/antlr4-4.10.1.tgz",
            "integrity": "sha512-fmxidcOwmktzHUD+tz8y/zKLI/NfVAB0+MOvnFUBzo8ToFnphK8JY88oOJeRdhnTrAhjtu45bvxddzbb8nMeIA=="
        }
    }
}
